// !$*UTF8*$!
{
	archiveVersion = 1;
	classes = {
	};
	objectVersion = 50;
	objects = {

/* Begin PBXBuildFile section */
		9F268AFC2297D9E000911F43 /* DetailsViewModel.swift in Sources */ = {isa = PBXBuildFile; fileRef = 9F268AFB2297D9E000911F43 /* DetailsViewModel.swift */; };
		9F2EC0ED2293F80E00EED38A /* AppDelegate.swift in Sources */ = {isa = PBXBuildFile; fileRef = 9F2EC0EC2293F80E00EED38A /* AppDelegate.swift */; };
		9F2EC0F22293F80F00EED38A /* Main.storyboard in Resources */ = {isa = PBXBuildFile; fileRef = 9F2EC0F02293F80F00EED38A /* Main.storyboard */; };
		9F2EC0F42293F81100EED38A /* Assets.xcassets in Resources */ = {isa = PBXBuildFile; fileRef = 9F2EC0F32293F81100EED38A /* Assets.xcassets */; };
		9F2EC0F72293F81100EED38A /* LaunchScreen.storyboard in Resources */ = {isa = PBXBuildFile; fileRef = 9F2EC0F52293F81100EED38A /* LaunchScreen.storyboard */; };
		9F2EC1022293F81100EED38A /* TheCatAPITests.swift in Sources */ = {isa = PBXBuildFile; fileRef = 9F2EC1012293F81100EED38A /* TheCatAPITests.swift */; };
		9F2EC10E22942F7800EED38A /* CatModel.swift in Sources */ = {isa = PBXBuildFile; fileRef = 9F2EC10D22942F7800EED38A /* CatModel.swift */; };
		9F2EC1112294311A00EED38A /* Service.swift in Sources */ = {isa = PBXBuildFile; fileRef = 9F2EC1102294311A00EED38A /* Service.swift */; };
		9F2EC114229432D900EED38A /* CatViewModel.swift in Sources */ = {isa = PBXBuildFile; fileRef = 9F2EC113229432D900EED38A /* CatViewModel.swift */; };
		9F2EC117229435CC00EED38A /* CollectionViewController.swift in Sources */ = {isa = PBXBuildFile; fileRef = 9F2EC116229435CC00EED38A /* CollectionViewController.swift */; };
		9F2EC11B2295586900EED38A /* CollectionViewCell.swift in Sources */ = {isa = PBXBuildFile; fileRef = 9F2EC11A2295586900EED38A /* CollectionViewCell.swift */; };
		9F2EC11D2296812900EED38A /* DetailViewController.swift in Sources */ = {isa = PBXBuildFile; fileRef = 9F2EC11C2296812900EED38A /* DetailViewController.swift */; };
		9F2EC1272296B19700EED38A /* CustomImageView.swift in Sources */ = {isa = PBXBuildFile; fileRef = 9F2EC1262296B19700EED38A /* CustomImageView.swift */; };
		9FF3C504229C02F400674351 /* Reachability.swift in Sources */ = {isa = PBXBuildFile; fileRef = 9FF3C503229C02F400674351 /* Reachability.swift */; };
/* End PBXBuildFile section */

/* Begin PBXContainerItemProxy section */
		9F2EC0FE2293F81100EED38A /* PBXContainerItemProxy */ = {
			isa = PBXContainerItemProxy;
			containerPortal = 9F2EC0E12293F80E00EED38A /* Project object */;
			proxyType = 1;
			remoteGlobalIDString = 9F2EC0E82293F80E00EED38A;
			remoteInfo = TheCatAPI;
		};
/* End PBXContainerItemProxy section */

/* Begin PBXFileReference section */
		9F268AFB2297D9E000911F43 /* DetailsViewModel.swift */ = {isa = PBXFileReference; lastKnownFileType = sourcecode.swift; path = DetailsViewModel.swift; sourceTree = "<group>"; };
		9F2EC0E92293F80E00EED38A /* TheCatAPI.app */ = {isa = PBXFileReference; explicitFileType = wrapper.application; includeInIndex = 0; path = TheCatAPI.app; sourceTree = BUILT_PRODUCTS_DIR; };
		9F2EC0EC2293F80E00EED38A /* AppDelegate.swift */ = {isa = PBXFileReference; lastKnownFileType = sourcecode.swift; path = AppDelegate.swift; sourceTree = "<group>"; };
		9F2EC0F12293F80F00EED38A /* Base */ = {isa = PBXFileReference; lastKnownFileType = file.storyboard; name = Base; path = Base.lproj/Main.storyboard; sourceTree = "<group>"; };
		9F2EC0F32293F81100EED38A /* Assets.xcassets */ = {isa = PBXFileReference; lastKnownFileType = folder.assetcatalog; path = Assets.xcassets; sourceTree = "<group>"; };
		9F2EC0F62293F81100EED38A /* Base */ = {isa = PBXFileReference; lastKnownFileType = file.storyboard; name = Base; path = Base.lproj/LaunchScreen.storyboard; sourceTree = "<group>"; };
		9F2EC0F82293F81100EED38A /* Info.plist */ = {isa = PBXFileReference; lastKnownFileType = text.plist.xml; path = Info.plist; sourceTree = "<group>"; };
		9F2EC0FD2293F81100EED38A /* TheCatAPITests.xctest */ = {isa = PBXFileReference; explicitFileType = wrapper.cfbundle; includeInIndex = 0; path = TheCatAPITests.xctest; sourceTree = BUILT_PRODUCTS_DIR; };
		9F2EC1012293F81100EED38A /* TheCatAPITests.swift */ = {isa = PBXFileReference; lastKnownFileType = sourcecode.swift; path = TheCatAPITests.swift; sourceTree = "<group>"; };
		9F2EC1032293F81100EED38A /* Info.plist */ = {isa = PBXFileReference; lastKnownFileType = text.plist.xml; path = Info.plist; sourceTree = "<group>"; };
		9F2EC10D22942F7800EED38A /* CatModel.swift */ = {isa = PBXFileReference; lastKnownFileType = sourcecode.swift; path = CatModel.swift; sourceTree = "<group>"; };
		9F2EC1102294311A00EED38A /* Service.swift */ = {isa = PBXFileReference; lastKnownFileType = sourcecode.swift; path = Service.swift; sourceTree = "<group>"; };
		9F2EC113229432D900EED38A /* CatViewModel.swift */ = {isa = PBXFileReference; lastKnownFileType = sourcecode.swift; path = CatViewModel.swift; sourceTree = "<group>"; };
		9F2EC116229435CC00EED38A /* CollectionViewController.swift */ = {isa = PBXFileReference; lastKnownFileType = sourcecode.swift; path = CollectionViewController.swift; sourceTree = "<group>"; };
		9F2EC11A2295586900EED38A /* CollectionViewCell.swift */ = {isa = PBXFileReference; lastKnownFileType = sourcecode.swift; path = CollectionViewCell.swift; sourceTree = "<group>"; };
		9F2EC11C2296812900EED38A /* DetailViewController.swift */ = {isa = PBXFileReference; lastKnownFileType = sourcecode.swift; path = DetailViewController.swift; sourceTree = "<group>"; };
		9F2EC1262296B19700EED38A /* CustomImageView.swift */ = {isa = PBXFileReference; lastKnownFileType = sourcecode.swift; path = CustomImageView.swift; sourceTree = "<group>"; };
		9FF3C503229C02F400674351 /* Reachability.swift */ = {isa = PBXFileReference; lastKnownFileType = sourcecode.swift; path = Reachability.swift; sourceTree = "<group>"; };
/* End PBXFileReference section */

/* Begin PBXFrameworksBuildPhase section */
		9F2EC0E62293F80E00EED38A /* Frameworks */ = {
			isa = PBXFrameworksBuildPhase;
			buildActionMask = 2147483647;
			files = (
			);
			runOnlyForDeploymentPostprocessing = 0;
		};
		9F2EC0FA2293F81100EED38A /* Frameworks */ = {
			isa = PBXFrameworksBuildPhase;
			buildActionMask = 2147483647;
			files = (
			);
			runOnlyForDeploymentPostprocessing = 0;
		};
/* End PBXFrameworksBuildPhase section */

/* Begin PBXGroup section */
		9F2EC0E02293F80E00EED38A = {
			isa = PBXGroup;
			children = (
				9F2EC0EB2293F80E00EED38A /* TheCatAPI */,
				9F2EC1002293F81100EED38A /* TheCatAPITests */,
				9F2EC0EA2293F80E00EED38A /* Products */,
			);
			sourceTree = "<group>";
		};
		9F2EC0EA2293F80E00EED38A /* Products */ = {
			isa = PBXGroup;
			children = (
				9F2EC0E92293F80E00EED38A /* TheCatAPI.app */,
				9F2EC0FD2293F81100EED38A /* TheCatAPITests.xctest */,
			);
			name = Products;
			sourceTree = "<group>";
		};
		9F2EC0EB2293F80E00EED38A /* TheCatAPI */ = {
			isa = PBXGroup;
			children = (
				9F2EC1192295584800EED38A /* View */,
				9F2EC115229435AE00EED38A /* Controller */,
				9F2EC112229432C600EED38A /* ViewModel */,
				9F2EC10F229430FE00EED38A /* Service */,
				9F2EC10C22942F4C00EED38A /* Model */,
				9F2EC0EC2293F80E00EED38A /* AppDelegate.swift */,
				9F2EC0F52293F81100EED38A /* LaunchScreen.storyboard */,
				9F2EC0F02293F80F00EED38A /* Main.storyboard */,
				9F2EC0F32293F81100EED38A /* Assets.xcassets */,
				9F2EC0F82293F81100EED38A /* Info.plist */,
			);
			path = TheCatAPI;
			sourceTree = "<group>";
		};
		9F2EC1002293F81100EED38A /* TheCatAPITests */ = {
			isa = PBXGroup;
			children = (
				9F2EC1012293F81100EED38A /* TheCatAPITests.swift */,
				9F2EC1032293F81100EED38A /* Info.plist */,
			);
			path = TheCatAPITests;
			sourceTree = "<group>";
		};
		9F2EC10C22942F4C00EED38A /* Model */ = {
			isa = PBXGroup;
			children = (
				9F2EC10D22942F7800EED38A /* CatModel.swift */,
			);
			path = Model;
			sourceTree = "<group>";
		};
		9F2EC10F229430FE00EED38A /* Service */ = {
			isa = PBXGroup;
			children = (
				9F2EC1102294311A00EED38A /* Service.swift */,
				9FF3C503229C02F400674351 /* Reachability.swift */,
			);
			path = Service;
			sourceTree = "<group>";
		};
		9F2EC112229432C600EED38A /* ViewModel */ = {
			isa = PBXGroup;
			children = (
				9F2EC113229432D900EED38A /* CatViewModel.swift */,
				9F268AFB2297D9E000911F43 /* DetailsViewModel.swift */,
			);
			path = ViewModel;
			sourceTree = "<group>";
		};
		9F2EC115229435AE00EED38A /* Controller */ = {
			isa = PBXGroup;
			children = (
				9F2EC116229435CC00EED38A /* CollectionViewController.swift */,
				9F2EC11C2296812900EED38A /* DetailViewController.swift */,
			);
			path = Controller;
			sourceTree = "<group>";
		};
		9F2EC1192295584800EED38A /* View */ = {
			isa = PBXGroup;
			children = (
				9F2EC11A2295586900EED38A /* CollectionViewCell.swift */,
				9F2EC1262296B19700EED38A /* CustomImageView.swift */,
			);
			path = View;
			sourceTree = "<group>";
		};
/* End PBXGroup section */

/* Begin PBXNativeTarget section */
		9F2EC0E82293F80E00EED38A /* TheCatAPI */ = {
			isa = PBXNativeTarget;
			buildConfigurationList = 9F2EC1062293F81100EED38A /* Build configuration list for PBXNativeTarget "TheCatAPI" */;
			buildPhases = (
				9F2EC0E52293F80E00EED38A /* Sources */,
				9F2EC0E62293F80E00EED38A /* Frameworks */,
				9F2EC0E72293F80E00EED38A /* Resources */,
			);
			buildRules = (
			);
			dependencies = (
			);
			name = TheCatAPI;
			productName = TheCatAPI;
			productReference = 9F2EC0E92293F80E00EED38A /* TheCatAPI.app */;
			productType = "com.apple.product-type.application";
		};
		9F2EC0FC2293F81100EED38A /* TheCatAPITests */ = {
			isa = PBXNativeTarget;
			buildConfigurationList = 9F2EC1092293F81100EED38A /* Build configuration list for PBXNativeTarget "TheCatAPITests" */;
			buildPhases = (
				9F2EC0F92293F81100EED38A /* Sources */,
				9F2EC0FA2293F81100EED38A /* Frameworks */,
				9F2EC0FB2293F81100EED38A /* Resources */,
			);
			buildRules = (
			);
			dependencies = (
				9F2EC0FF2293F81100EED38A /* PBXTargetDependency */,
			);
			name = TheCatAPITests;
			productName = TheCatAPITests;
			productReference = 9F2EC0FD2293F81100EED38A /* TheCatAPITests.xctest */;
			productType = "com.apple.product-type.bundle.unit-test";
		};
/* End PBXNativeTarget section */

/* Begin PBXProject section */
		9F2EC0E12293F80E00EED38A /* Project object */ = {
			isa = PBXProject;
			attributes = {
				LastSwiftUpdateCheck = 1020;
				LastUpgradeCheck = 1020;
				ORGANIZATIONNAME = "Aleksandrs Muravjovs";
				TargetAttributes = {
					9F2EC0E82293F80E00EED38A = {
						CreatedOnToolsVersion = 10.2.1;
					};
					9F2EC0FC2293F81100EED38A = {
						CreatedOnToolsVersion = 10.2.1;
						TestTargetID = 9F2EC0E82293F80E00EED38A;
					};
				};
			};
			buildConfigurationList = 9F2EC0E42293F80E00EED38A /* Build configuration list for PBXProject "TheCatAPI" */;
			compatibilityVersion = "Xcode 9.3";
			developmentRegion = en;
			hasScannedForEncodings = 0;
			knownRegions = (
				en,
				Base,
			);
			mainGroup = 9F2EC0E02293F80E00EED38A;
			productRefGroup = 9F2EC0EA2293F80E00EED38A /* Products */;
			projectDirPath = "";
			projectRoot = "";
			targets = (
				9F2EC0E82293F80E00EED38A /* TheCatAPI */,
				9F2EC0FC2293F81100EED38A /* TheCatAPITests */,
			);
		};
/* End PBXProject section */

/* Begin PBXResourcesBuildPhase section */
		9F2EC0E72293F80E00EED38A /* Resources */ = {
			isa = PBXResourcesBuildPhase;
			buildActionMask = 2147483647;
			files = (
				9F2EC0F72293F81100EED38A /* LaunchScreen.storyboard in Resources */,
				9F2EC0F42293F81100EED38A /* Assets.xcassets in Resources */,
				9F2EC0F22293F80F00EED38A /* Main.storyboard in Resources */,
			);
			runOnlyForDeploymentPostprocessing = 0;
		};
		9F2EC0FB2293F81100EED38A /* Resources */ = {
			isa = PBXResourcesBuildPhase;
			buildActionMask = 2147483647;
			files = (
			);
			runOnlyForDeploymentPostprocessing = 0;
		};
/* End PBXResourcesBuildPhase section */

/* Begin PBXSourcesBuildPhase section */
		9F2EC0E52293F80E00EED38A /* Sources */ = {
			isa = PBXSourcesBuildPhase;
			buildActionMask = 2147483647;
			files = (
				9F2EC10E22942F7800EED38A /* CatModel.swift in Sources */,
				9F2EC1272296B19700EED38A /* CustomImageView.swift in Sources */,
				9F2EC114229432D900EED38A /* CatViewModel.swift in Sources */,
				9F2EC11B2295586900EED38A /* CollectionViewCell.swift in Sources */,
				9F2EC0ED2293F80E00EED38A /* AppDelegate.swift in Sources */,
				9F2EC1112294311A00EED38A /* Service.swift in Sources */,
				9F2EC117229435CC00EED38A /* CollectionViewController.swift in Sources */,
				9F2EC11D2296812900EED38A /* DetailViewController.swift in Sources */,
				9FF3C504229C02F400674351 /* Reachability.swift in Sources */,
				9F268AFC2297D9E000911F43 /* DetailsViewModel.swift in Sources */,
			);
			runOnlyForDeploymentPostprocessing = 0;
		};
		9F2EC0F92293F81100EED38A /* Sources */ = {
			isa = PBXSourcesBuildPhase;
			buildActionMask = 2147483647;
			files = (
				9F2EC1022293F81100EED38A /* TheCatAPITests.swift in Sources */,
			);
			runOnlyForDeploymentPostprocessing = 0;
		};
/* End PBXSourcesBuildPhase section */

/* Begin PBXTargetDependency section */
		9F2EC0FF2293F81100EED38A /* PBXTargetDependency */ = {
			isa = PBXTargetDependency;
			target = 9F2EC0E82293F80E00EED38A /* TheCatAPI */;
			targetProxy = 9F2EC0FE2293F81100EED38A /* PBXContainerItemProxy */;
		};
/* End PBXTargetDependency section */

/* Begin PBXVariantGroup section */
		9F2EC0F02293F80F00EED38A /* Main.storyboard */ = {
			isa = PBXVariantGroup;
			children = (
				9F2EC0F12293F80F00EED38A /* Base */,
			);
			name = Main.storyboard;
			sourceTree = "<group>";
		};
		9F2EC0F52293F81100EED38A /* LaunchScreen.storyboard */ = {
			isa = PBXVariantGroup;
			children = (
				9F2EC0F62293F81100EED38A /* Base */,
			);
			name = LaunchScreen.storyboard;
			sourceTree = "<group>";
		};
/* End PBXVariantGroup section */

/* Begin XCBuildConfiguration section */
		9F2EC1042293F81100EED38A /* Debug */ = {
			isa = XCBuildConfiguration;
			buildSettings = {
				ALWAYS_SEARCH_USER_PATHS = NO;
				CLANG_ANALYZER_NONNULL = YES;
				CLANG_ANALYZER_NUMBER_OBJECT_CONVERSION = YES_AGGRESSIVE;
				CLANG_CXX_LANGUAGE_STANDARD = "gnu++14";
				CLANG_CXX_LIBRARY = "libc++";
				CLANG_ENABLE_MODULES = YES;
				CLANG_ENABLE_OBJC_ARC = YES;
				CLANG_ENABLE_OBJC_WEAK = YES;
				CLANG_WARN_BLOCK_CAPTURE_AUTORELEASING = YES;
				CLANG_WARN_BOOL_CONVERSION = YES;
				CLANG_WARN_COMMA = YES;
				CLANG_WARN_CONSTANT_CONVERSION = YES;
				CLANG_WARN_DEPRECATED_OBJC_IMPLEMENTATIONS = YES;
				CLANG_WARN_DIRECT_OBJC_ISA_USAGE = YES_ERROR;
				CLANG_WARN_DOCUMENTATION_COMMENTS = YES;
				CLANG_WARN_EMPTY_BODY = YES;
				CLANG_WARN_ENUM_CONVERSION = YES;
				CLANG_WARN_INFINITE_RECURSION = YES;
				CLANG_WARN_INT_CONVERSION = YES;
				CLANG_WARN_NON_LITERAL_NULL_CONVERSION = YES;
				CLANG_WARN_OBJC_IMPLICIT_RETAIN_SELF = YES;
				CLANG_WARN_OBJC_LITERAL_CONVERSION = YES;
				CLANG_WARN_OBJC_ROOT_CLASS = YES_ERROR;
				CLANG_WARN_RANGE_LOOP_ANALYSIS = YES;
				CLANG_WARN_STRICT_PROTOTYPES = YES;
				CLANG_WARN_SUSPICIOUS_MOVE = YES;
				CLANG_WARN_UNGUARDED_AVAILABILITY = YES_AGGRESSIVE;
				CLANG_WARN_UNREACHABLE_CODE = YES;
				CLANG_WARN__DUPLICATE_METHOD_MATCH = YES;
				CODE_SIGN_IDENTITY = "iPhone Developer";
				COPY_PHASE_STRIP = NO;
				DEBUG_INFORMATION_FORMAT = dwarf;
				ENABLE_STRICT_OBJC_MSGSEND = YES;
				ENABLE_TESTABILITY = YES;
				GCC_C_LANGUAGE_STANDARD = gnu11;
				GCC_DYNAMIC_NO_PIC = NO;
				GCC_NO_COMMON_BLOCKS = YES;
				GCC_OPTIMIZATION_LEVEL = 0;
				GCC_PREPROCESSOR_DEFINITIONS = (
					"DEBUG=1",
					"$(inherited)",
				);
				GCC_WARN_64_TO_32_BIT_CONVERSION = YES;
				GCC_WARN_ABOUT_RETURN_TYPE = YES_ERROR;
				GCC_WARN_UNDECLARED_SELECTOR = YES;
				GCC_WARN_UNINITIALIZED_AUTOS = YES_AGGRESSIVE;
				GCC_WARN_UNUSED_FUNCTION = YES;
				GCC_WARN_UNUSED_VARIABLE = YES;
				IPHONEOS_DEPLOYMENT_TARGET = 12.2;
				MTL_ENABLE_DEBUG_INFO = INCLUDE_SOURCE;
				MTL_FAST_MATH = YES;
				ONLY_ACTIVE_ARCH = YES;
				SDKROOT = iphoneos;
				SWIFT_ACTIVE_COMPILATION_CONDITIONS = DEBUG;
				SWIFT_OPTIMIZATION_LEVEL = "-Onone";
			};
			name = Debug;
		};
		9F2EC1052293F81100EED38A /* Release */ = {
			isa = XCBuildConfiguration;
			buildSettings = {
				ALWAYS_SEARCH_USER_PATHS = NO;
				CLANG_ANALYZER_NONNULL = YES;
				CLANG_ANALYZER_NUMBER_OBJECT_CONVERSION = YES_AGGRESSIVE;
				CLANG_CXX_LANGUAGE_STANDARD = "gnu++14";
				CLANG_CXX_LIBRARY = "libc++";
				CLANG_ENABLE_MODULES = YES;
				CLANG_ENABLE_OBJC_ARC = YES;
				CLANG_ENABLE_OBJC_WEAK = YES;
				CLANG_WARN_BLOCK_CAPTURE_AUTORELEASING = YES;
				CLANG_WARN_BOOL_CONVERSION = YES;
				CLANG_WARN_COMMA = YES;
				CLANG_WARN_CONSTANT_CONVERSION = YES;
				CLANG_WARN_DEPRECATED_OBJC_IMPLEMENTATIONS = YES;
				CLANG_WARN_DIRECT_OBJC_ISA_USAGE = YES_ERROR;
				CLANG_WARN_DOCUMENTATION_COMMENTS = YES;
				CLANG_WARN_EMPTY_BODY = YES;
				CLANG_WARN_ENUM_CONVERSION = YES;
				CLANG_WARN_INFINITE_RECURSION = YES;
				CLANG_WARN_INT_CONVERSION = YES;
				CLANG_WARN_NON_LITERAL_NULL_CONVERSION = YES;
				CLANG_WARN_OBJC_IMPLICIT_RETAIN_SELF = YES;
				CLANG_WARN_OBJC_LITERAL_CONVERSION = YES;
				CLANG_WARN_OBJC_ROOT_CLASS = YES_ERROR;
				CLANG_WARN_RANGE_LOOP_ANALYSIS = YES;
				CLANG_WARN_STRICT_PROTOTYPES = YES;
				CLANG_WARN_SUSPICIOUS_MOVE = YES;
				CLANG_WARN_UNGUARDED_AVAILABILITY = YES_AGGRESSIVE;
				CLANG_WARN_UNREACHABLE_CODE = YES;
				CLANG_WARN__DUPLICATE_METHOD_MATCH = YES;
				CODE_SIGN_IDENTITY = "iPhone Developer";
				COPY_PHASE_STRIP = NO;
				DEBUG_INFORMATION_FORMAT = "dwarf-with-dsym";
				ENABLE_NS_ASSERTIONS = NO;
				ENABLE_STRICT_OBJC_MSGSEND = YES;
				GCC_C_LANGUAGE_STANDARD = gnu11;
				GCC_NO_COMMON_BLOCKS = YES;
				GCC_WARN_64_TO_32_BIT_CONVERSION = YES;
				GCC_WARN_ABOUT_RETURN_TYPE = YES_ERROR;
				GCC_WARN_UNDECLARED_SELECTOR = YES;
				GCC_WARN_UNINITIALIZED_AUTOS = YES_AGGRESSIVE;
				GCC_WARN_UNUSED_FUNCTION = YES;
				GCC_WARN_UNUSED_VARIABLE = YES;
				IPHONEOS_DEPLOYMENT_TARGET = 12.2;
				MTL_ENABLE_DEBUG_INFO = NO;
				MTL_FAST_MATH = YES;
				SDKROOT = iphoneos;
				SWIFT_COMPILATION_MODE = wholemodule;
				SWIFT_OPTIMIZATION_LEVEL = "-O";
				VALIDATE_PRODUCT = YES;
			};
			name = Release;
		};
		9F2EC1072293F81100EED38A /* Debug */ = {
			isa = XCBuildConfiguration;
			buildSettings = {
				ASSETCATALOG_COMPILER_APPICON_NAME = AppIcon;
				CODE_SIGN_STYLE = Automatic;
				DEVELOPMENT_TEAM = L76KH2KAZX;
				INFOPLIST_FILE = TheCatAPI/Info.plist;
				LD_RUNPATH_SEARCH_PATHS = (
					"$(inherited)",
					"@executable_path/Frameworks",
				);
				PRODUCT_BUNDLE_IDENTIFIER = com.aleksandrsmuravjovs.TheCatAPI;
				PRODUCT_NAME = "$(TARGET_NAME)";
				SWIFT_VERSION = 5.0;
				TARGETED_DEVICE_FAMILY = "1,2";
			};
			name = Debug;
		};
		9F2EC1082293F81100EED38A /* Release */ = {
			isa = XCBuildConfiguration;
			buildSettings = {
				ASSETCATALOG_COMPILER_APPICON_NAME = AppIcon;
				CODE_SIGN_STYLE = Automatic;
				DEVELOPMENT_TEAM = L76KH2KAZX;
				INFOPLIST_FILE = TheCatAPI/Info.plist;
				LD_RUNPATH_SEARCH_PATHS = (
					"$(inherited)",
					"@executable_path/Frameworks",
				);
				PRODUCT_BUNDLE_IDENTIFIER = com.aleksandrsmuravjovs.TheCatAPI;
				PRODUCT_NAME = "$(TARGET_NAME)";
				SWIFT_VERSION = 5.0;
				TARGETED_DEVICE_FAMILY = "1,2";
			};
			name = Release;
		};
		9F2EC10A2293F81100EED38A /* Debug */ = {
			isa = XCBuildConfiguration;
			buildSettings = {
				ALWAYS_EMBED_SWIFT_STANDARD_LIBRARIES = YES;
				BUNDLE_LOADER = "$(TEST_HOST)";
				CODE_SIGN_STYLE = Automatic;
				DEVELOPMENT_TEAM = L76KH2KAZX;
				INFOPLIST_FILE = TheCatAPITests/Info.plist;
				LD_RUNPATH_SEARCH_PATHS = (
					"$(inherited)",
					"@executable_path/Frameworks",
					"@loader_path/Frameworks",
				);
				PRODUCT_BUNDLE_IDENTIFIER = com.aleksandrsmuravjovs.TheCatAPITests;
				PRODUCT_NAME = "$(TARGET_NAME)";
				SWIFT_VERSION = 5.0;
				TARGETED_DEVICE_FAMILY = "1,2";
				TEST_HOST = "$(BUILT_PRODUCTS_DIR)/TheCatAPI.app/TheCatAPI";
			};
			name = Debug;
		};
		9F2EC10B2293F81100EED38A /* Release */ = {
			isa = XCBuildConfiguration;
			buildSettings = {
				ALWAYS_EMBED_SWIFT_STANDARD_LIBRARIES = YES;
				BUNDLE_LOADER = "$(TEST_HOST)";
				CODE_SIGN_STYLE = Automatic;
				DEVELOPMENT_TEAM = L76KH2KAZX;
				INFOPLIST_FILE = TheCatAPITests/Info.plist;
				LD_RUNPATH_SEARCH_PATHS = (
					"$(inherited)",
					"@executable_path/Frameworks",
					"@loader_path/Frameworks",
				);
				PRODUCT_BUNDLE_IDENTIFIER = com.aleksandrsmuravjovs.TheCatAPITests;
				PRODUCT_NAME = "$(TARGET_NAME)";
				SWIFT_VERSION = 5.0;
				TARGETED_DEVICE_FAMILY = "1,2";
				TEST_HOST = "$(BUILT_PRODUCTS_DIR)/TheCatAPI.app/TheCatAPI";
			};
			name = Release;
		};
/* End XCBuildConfiguration section */

/* Begin XCConfigurationList section */
		9F2EC0E42293F80E00EED38A /* Build configuration list for PBXProject "TheCatAPI" */ = {
			isa = XCConfigurationList;
			buildConfigurations = (
				9F2EC1042293F81100EED38A /* Debug */,
				9F2EC1052293F81100EED38A /* Release */,
			);
			defaultConfigurationIsVisible = 0;
			defaultConfigurationName = Release;
		};
		9F2EC1062293F81100EED38A /* Build configuration list for PBXNativeTarget "TheCatAPI" */ = {
			isa = XCConfigurationList;
			buildConfigurations = (
				9F2EC1072293F81100EED38A /* Debug */,
				9F2EC1082293F81100EED38A /* Release */,
			);
			defaultConfigurationIsVisible = 0;
			defaultConfigurationName = Release;
		};
		9F2EC1092293F81100EED38A /* Build configuration list for PBXNativeTarget "TheCatAPITests" */ = {
			isa = XCConfigurationList;
			buildConfigurations = (
				9F2EC10A2293F81100EED38A /* Debug */,
				9F2EC10B2293F81100EED38A /* Release */,
			);
			defaultConfigurationIsVisible = 0;
			defaultConfigurationName = Release;
		};
/* End XCConfigurationList section */
	};
	rootObject = 9F2EC0E12293F80E00EED38A /* Project object */;
}
